# This file is automatically @generated by Cargo.
# It is not intended for manual editing.
[[package]]
name = "base64"
version = "0.13.0"
source = "registry+https://github.com/rust-lang/crates.io-index"
checksum = "904dfeac50f3cdaba28fc6f57fdcddb75f49ed61346676a78c4ffe55877802fd"

[[package]]
name = "sp-std"
version = "4.0.0-dev"
source = "git+https://github.com/paritytech/substrate#846cd08dcef98110ec37b3f8710207d695dadb28"

[[package]]
name = "substrate-stellar-xdr"
version = "0.2.8"
dependencies = [
 "base64",
 "sp-std",
]
